{
	"name": "@cybertec/ory-editor-ui",
	"version": "0.0.0",
	"lockfileVersion": 1,
	"requires": true,
	"dependencies": {
		"@babel/runtime": {
			"version": "7.3.4",
			"resolved": "https://registry.npmjs.org/@babel/runtime/-/runtime-7.3.4.tgz",
			"integrity": "sha512-IvfvnMdSaLBateu0jfsYIpZTxAc2cKEXEMiezGGN75QcBcecDUKd3PgLAncT0oOgxKy8dd8hrJKj9MfzgfZd6g==",
			"requires": {
				"regenerator-runtime": "0.12.1"
			}
		},
		"@icons/material": {
			"version": "0.2.4",
			"resolved": "https://registry.npmjs.org/@icons/material/-/material-0.2.4.tgz",
			"integrity": "sha512-QPcGmICAPbGLGb6F/yNf/KzKqvFx8z5qx3D1yFqVAjoFmXK35EgyW+cJ57Te3CNsmzblwtzakLGFqHPqrfb4Tw=="
		},
		"@types/prop-types": {
			"version": "15.7.0",
			"resolved": "https://registry.npmjs.org/@types/prop-types/-/prop-types-15.7.0.tgz",
			"integrity": "sha512-eItQyV43bj4rR3JPV0Skpl1SncRCdziTEK9/v8VwXmV6d/qOUO8/EuWeHBbCZcsfSHfzI5UyMJLCSXtxxznyZg==",
			"dev": true
		},
		"@types/react": {
			"version": "16.8.8",
			"resolved": "https://registry.npmjs.org/@types/react/-/react-16.8.8.tgz",
			"integrity": "sha512-xwEvyet96u7WnB96kqY0yY7qxx/pEpU51QeACkKFtrgjjXITQn0oO1iwPEraXVgh10ZFPix7gs1R4OJXF7P5sg==",
			"dev": true,
			"requires": {
				"@types/prop-types": "15.7.0",
				"csstype": "2.6.3"
			}
		},
		"@types/react-color": {
			"version": "2.17.0",
			"resolved": "https://registry.npmjs.org/@types/react-color/-/react-color-2.17.0.tgz",
			"integrity": "sha512-NQCLW437DXzaV/XvtoH3cBW75f0KQ9ZtFvvXnn7QEudLTR5zGxLdsEhPffrateSizsG2CTml4X+2/2TyEisotQ==",
			"dev": true,
			"requires": {
				"@types/react": "16.8.8"
			}
		},
		"@types/react-redux": {
			"version": "6.0.13",
			"resolved": "https://registry.npmjs.org/@types/react-redux/-/react-redux-6.0.13.tgz",
			"integrity": "sha512-69lPYT69CSvzQ75Ut4MfT+oQU9TAjCycdL6BQOrPztqbzdhzSe1d4Qj8vrMkTOm454Xz151zh+YT6S4t2OBopw==",
			"dev": true,
			"requires": {
				"@types/react": "16.8.8",
				"redux": "4.0.1"
			},
			"dependencies": {
				"redux": {
					"version": "4.0.1",
					"resolved": "https://registry.npmjs.org/redux/-/redux-4.0.1.tgz",
					"integrity": "sha512-R7bAtSkk7nY6O/OYMVR9RiBI+XghjF9rlbl5806HJbQph0LJVHZrU5oaO4q70eUKiqMRqm4y07KLTlMZ2BlVmg==",
					"dev": true,
					"requires": {
						"loose-envify": "1.4.0",
						"symbol-observable": "1.2.0"
					}
				}
			}
		},
		"@types/redux": {
			"version": "3.6.0",
			"resolved": "https://registry.npmjs.org/@types/redux/-/redux-3.6.0.tgz",
			"integrity": "sha1-8evh5UEVGAcuT9/KXHbhbnTBOZo=",
			"dev": true,
			"requires": {
				"redux": "3.7.2"
			}
		},
		"add-dom-event-listener": {
			"version": "1.1.0",
			"resolved": "https://registry.npmjs.org/add-dom-event-listener/-/add-dom-event-listener-1.1.0.tgz",
			"integrity": "sha512-WCxx1ixHT0GQU9hb0KI/mhgRQhnU+U3GvwY6ZvVjYq8rsihIGoaIOUbY0yMPBxLH5MDtr0kz3fisWGNcbWW7Jw==",
			"requires": {
				"object-assign": "4.1.1"
			}
		},
		"align-text": {
			"version": "0.1.4",
			"resolved": "https://registry.npmjs.org/align-text/-/align-text-0.1.4.tgz",
			"integrity": "sha1-DNkKVhCT810KmSVsIrcGlDP60Rc=",
			"requires": {
				"kind-of": "3.2.2",
				"longest": "1.0.1",
				"repeat-string": "1.6.1"
			}
		},
		"asap": {
			"version": "2.0.6",
			"resolved": "https://registry.npmjs.org/asap/-/asap-2.0.6.tgz",
			"integrity": "sha1-5QNHYR1+aQlDIIu9r+vLwvuGbUY="
		},
		"babel-runtime": {
			"version": "6.26.0",
			"resolved": "https://registry.npmjs.org/babel-runtime/-/babel-runtime-6.26.0.tgz",
			"integrity": "sha1-llxwWGaOgrVde/4E/yM3vItWR/4=",
			"requires": {
				"core-js": "2.6.5",
				"regenerator-runtime": "0.11.1"
			},
			"dependencies": {
				"regenerator-runtime": {
					"version": "0.11.1",
					"resolved": "https://registry.npmjs.org/regenerator-runtime/-/regenerator-runtime-0.11.1.tgz",
					"integrity": "sha512-MguG95oij0fC3QV3URf4V2SDYGJhJnJGqvIIgdECeODCT98wSWDAJ94SSuVpYQUoTcGUIL6L4yNB7j1DFFHSBg=="
				}
			}
		},
		"camelcase": {
			"version": "1.2.1",
			"resolved": "https://registry.npmjs.org/camelcase/-/camelcase-1.2.1.tgz",
			"integrity": "sha1-m7UwTS4LVmmLLHWLCKPqqdqlijk="
		},
		"center-align": {
			"version": "0.1.3",
			"resolved": "https://registry.npmjs.org/center-align/-/center-align-0.1.3.tgz",
			"integrity": "sha1-qg0yYptu6XIgBBHL1EYckHvCt60=",
			"requires": {
				"align-text": "0.1.4",
				"lazy-cache": "1.0.4"
			}
		},
		"classnames": {
			"version": "2.2.6",
			"resolved": "https://registry.npmjs.org/classnames/-/classnames-2.2.6.tgz",
			"integrity": "sha512-JR/iSQOSt+LQIWwrwEzJ9uk0xfN3mTVYMwt1Ir5mUcSN6pU+V4zQFFaJsclJbPuAUQH+yfWef6tm7l1quW3C8Q=="
		},
		"cliui": {
			"version": "2.1.0",
			"resolved": "https://registry.npmjs.org/cliui/-/cliui-2.1.0.tgz",
			"integrity": "sha1-S0dXYP+AJkx2LDoXGQMukcf+oNE=",
			"requires": {
				"center-align": "0.1.3",
				"right-align": "0.1.3",
				"wordwrap": "0.0.2"
			}
		},
		"component-classes": {
			"version": "1.2.6",
			"resolved": "https://registry.npmjs.org/component-classes/-/component-classes-1.2.6.tgz",
			"integrity": "sha1-xkI5TDYYpNiwuJGe/Mu9kw5c1pE=",
			"requires": {
				"component-indexof": "0.0.3"
			}
		},
		"component-indexof": {
			"version": "0.0.3",
			"resolved": "https://registry.npmjs.org/component-indexof/-/component-indexof-0.0.3.tgz",
			"integrity": "sha1-EdCRMSI5648yyPJa6csAL/6NPCQ="
		},
		"core-js": {
			"version": "2.6.5",
			"resolved": "https://registry.npmjs.org/core-js/-/core-js-2.6.5.tgz",
			"integrity": "sha512-klh/kDpwX8hryYL14M9w/xei6vrv6sE8gTHDG7/T/+SEovB/G4ejwcfE/CBzO6Edsu+OETZMZ3wcX/EjUkrl5A=="
		},
		"css-animation": {
			"version": "1.5.0",
			"resolved": "https://registry.npmjs.org/css-animation/-/css-animation-1.5.0.tgz",
			"integrity": "sha512-hWYoWiOZ7Vr20etzLh3kpWgtC454tW5vn4I6rLANDgpzNSkO7UfOqyCEeaoBSG9CYWQpRkFWTWbWW8o3uZrNLw==",
			"requires": {
				"babel-runtime": "6.26.0",
				"component-classes": "1.2.6"
			}
		},
		"csstype": {
			"version": "2.6.3",
			"resolved": "https://registry.npmjs.org/csstype/-/csstype-2.6.3.tgz",
			"integrity": "sha512-rINUZXOkcBmoHWEyu7JdHu5JMzkGRoMX4ov9830WNgxf5UYxcBUO0QTKAqeJ5EZfSdlrcJYkC8WwfVW7JYi4yg==",
			"dev": true
		},
		"decamelize": {
			"version": "1.2.0",
			"resolved": "https://registry.npmjs.org/decamelize/-/decamelize-1.2.0.tgz",
			"integrity": "sha1-9lNNFRSCabIDUue+4m9QH5oZEpA="
		},
		"device.js": {
			"version": "2.3.0",
			"resolved": "https://registry.npmjs.org/device.js/-/device.js-2.3.0.tgz",
			"integrity": "sha512-rc74o6zNv5lcNFJ5hIIZo2W4MExvHORqLqK2JDL+LCD8hfqO2QD9GNytH76a2AB6CTkXrahtrryySl1NMwgNNg==",
			"requires": {
				"dom-helpers": "3.4.0",
				"lodash": "4.17.11",
				"lodash-es": "4.17.11",
				"uglify-js": "2.8.29"
			}
		},
		"disposables": {
			"version": "1.0.2",
			"resolved": "https://registry.npmjs.org/disposables/-/disposables-1.0.2.tgz",
			"integrity": "sha1-NsamdEdfVaLWkTVnpgFETkh7S24="
		},
		"dnd-core": {
			"version": "2.6.0",
			"resolved": "https://registry.npmjs.org/dnd-core/-/dnd-core-2.6.0.tgz",
			"integrity": "sha1-ErrWbVh0LG5ffPKUP7aFlED4CcQ=",
			"requires": {
				"asap": "2.0.6",
				"invariant": "2.2.4",
				"lodash": "4.17.11",
				"redux": "3.7.2"
			}
		},
		"dom-align": {
			"version": "1.8.2",
			"resolved": "https://registry.npmjs.org/dom-align/-/dom-align-1.8.2.tgz",
			"integrity": "sha512-17vInOylbB7H4qua7QRsmQT05FFTZemO8BhnOPgF9BPqjAPDyQr/9V8fmJbn05vQ31m2gu3EJSSYN2u94szUZg=="
		},
		"dom-helpers": {
			"version": "3.4.0",
			"resolved": "https://registry.npmjs.org/dom-helpers/-/dom-helpers-3.4.0.tgz",
			"integrity": "sha512-LnuPJ+dwqKDIyotW1VzmOZ5TONUN7CwkCR5hrgawTUbkBGYdeoNLZo6nNfGkCrjtE1nXXaj7iMMpDa8/d9WoIA==",
			"requires": {
				"@babel/runtime": "7.3.4"
			}
		},
		"hoist-non-react-statics": {
			"version": "2.5.5",
			"resolved": "https://registry.npmjs.org/hoist-non-react-statics/-/hoist-non-react-statics-2.5.5.tgz",
			"integrity": "sha512-rqcy4pJo55FTTLWt+bU8ukscqHeE/e9KWvsOW2b/a3afxQZhwkQdT1rPPCJ0rYXdj4vNcasY8zHTH+jF/qStxw=="
		},
		"invariant": {
			"version": "2.2.4",
			"resolved": "https://registry.npmjs.org/invariant/-/invariant-2.2.4.tgz",
			"integrity": "sha512-phJfQVBuaJM5raOpJjSfkiD6BpbCE4Ns//LaXl6wGYtUBY83nWS6Rf9tXm2e8VaK60JEjYldbPif/A2B1C2gNA==",
			"requires": {
				"loose-envify": "1.4.0"
			}
		},
		"is-buffer": {
			"version": "1.1.6",
			"resolved": "https://registry.npmjs.org/is-buffer/-/is-buffer-1.1.6.tgz",
			"integrity": "sha512-NcdALwpXkTm5Zvvbk7owOUSvVvBKDgKP5/ewfXEznmQFfs4ZRmanOeKBTjRVjka3QFoN6XJ+9F3USqfHqTaU5w=="
		},
		"js-tokens": {
			"version": "4.0.0",
			"resolved": "https://registry.npmjs.org/js-tokens/-/js-tokens-4.0.0.tgz",
			"integrity": "sha512-RdJUflcE3cUzKiMqQgsCu06FPu9UdIJO0beYbPhHN4k6apgJtifcoCtT9bcxOpYBtpD2kCM6Sbzg4CausW/PKQ=="
		},
		"kind-of": {
			"version": "3.2.2",
			"resolved": "https://registry.npmjs.org/kind-of/-/kind-of-3.2.2.tgz",
			"integrity": "sha1-MeohpzS6ubuw8yRm2JOupR5KPGQ=",
			"requires": {
				"is-buffer": "1.1.6"
			}
		},
		"lazy-cache": {
			"version": "1.0.4",
			"resolved": "https://registry.npmjs.org/lazy-cache/-/lazy-cache-1.0.4.tgz",
			"integrity": "sha1-odePw6UEdMuAhF07O24dpJpEbo4="
		},
		"lodash": {
			"version": "4.17.11",
			"resolved": "https://registry.npmjs.org/lodash/-/lodash-4.17.11.tgz",
			"integrity": "sha512-cQKh8igo5QUhZ7lg38DYWAxMvjSAKG0A8wGSVimP07SIUEK2UO+arSRKbRZWtelMtN5V0Hkwh5ryOto/SshYIg=="
		},
		"lodash-es": {
			"version": "4.17.11",
			"resolved": "https://registry.npmjs.org/lodash-es/-/lodash-es-4.17.11.tgz",
			"integrity": "sha512-DHb1ub+rMjjrxqlB3H56/6MXtm1lSksDp2rA2cNWjG8mlDUYFhUj3Di2Zn5IwSU87xLv8tNIQ7sSwE/YOX/D/Q=="
		},
		"lodash._getnative": {
			"version": "3.9.1",
			"resolved": "https://registry.npmjs.org/lodash._getnative/-/lodash._getnative-3.9.1.tgz",
			"integrity": "sha1-VwvH3t5G1hzc3mh9ZdPuy6o6r/U="
		},
		"lodash.isarguments": {
			"version": "3.1.0",
			"resolved": "https://registry.npmjs.org/lodash.isarguments/-/lodash.isarguments-3.1.0.tgz",
			"integrity": "sha1-L1c9hcaiQon/AGY7SRwdM4/zRYo="
		},
		"lodash.isarray": {
			"version": "3.0.4",
			"resolved": "https://registry.npmjs.org/lodash.isarray/-/lodash.isarray-3.0.4.tgz",
			"integrity": "sha1-eeTriMNqgSKvhvhEqpvNhRtfu1U="
		},
		"lodash.keys": {
			"version": "3.1.2",
			"resolved": "https://registry.npmjs.org/lodash.keys/-/lodash.keys-3.1.2.tgz",
			"integrity": "sha1-TbwEcrFWvlCgsoaFXRvQsMZWCYo=",
			"requires": {
				"lodash._getnative": "3.9.1",
				"lodash.isarguments": "3.1.0",
				"lodash.isarray": "3.0.4"
			}
		},
		"lodash.throttle": {
			"version": "4.1.1",
			"resolved": "https://registry.npmjs.org/lodash.throttle/-/lodash.throttle-4.1.1.tgz",
			"integrity": "sha1-wj6RtxAkKscMN/HhzaknTMOb8vQ="
		},
		"longest": {
			"version": "1.0.1",
			"resolved": "https://registry.npmjs.org/longest/-/longest-1.0.1.tgz",
			"integrity": "sha1-MKCy2jj3N3DoKUoNIuZiXtd9AJc="
		},
		"loose-envify": {
			"version": "1.4.0",
			"resolved": "https://registry.npmjs.org/loose-envify/-/loose-envify-1.4.0.tgz",
			"integrity": "sha512-lyuxPGr/Wfhrlem2CL/UcnUc1zcqKAImBDzukY7Y5F/yQiNdko6+fRLevlw1HgMySw7f611UIY408EtxRSoK3Q==",
			"requires": {
				"js-tokens": "4.0.0"
			}
		},
		"material-colors": {
			"version": "1.2.6",
			"resolved": "https://registry.npmjs.org/material-colors/-/material-colors-1.2.6.tgz",
			"integrity": "sha512-6qE4B9deFBIa9YSpOc9O0Sgc43zTeVYbgDT5veRKSlB2+ZuHNoVVxA1L/ckMUayV9Ay9y7Z/SZCLcGteW9i7bg=="
		},
		"object-assign": {
			"version": "4.1.1",
			"resolved": "https://registry.npmjs.org/object-assign/-/object-assign-4.1.1.tgz",
			"integrity": "sha1-IQmtx5ZYh8/AXLvUQsrIv7s2CGM="
		},
		"performance-now": {
			"version": "2.1.0",
			"resolved": "https://registry.npmjs.org/performance-now/-/performance-now-2.1.0.tgz",
			"integrity": "sha1-Ywn04OX6kT7BxpMHrjZLSzd8nns="
		},
		"prop-types": {
			"version": "15.7.2",
			"resolved": "https://registry.npmjs.org/prop-types/-/prop-types-15.7.2.tgz",
			"integrity": "sha512-8QQikdH7//R2vurIJSutZ1smHYTcLpRWEOlHnzcWHmBYrOGUysKwSsrC89BCiFj3CbrfJ/nXFdJepOVrY1GCHQ==",
			"requires": {
				"loose-envify": "1.4.0",
				"object-assign": "4.1.1",
				"react-is": "16.8.4"
			}
		},
		"raf": {
			"version": "3.4.1",
			"resolved": "https://registry.npmjs.org/raf/-/raf-3.4.1.tgz",
			"integrity": "sha512-Sq4CW4QhwOHE8ucn6J34MqtZCeWFP2aQSmrlroYgqAV1PjStIhJXxYuTgUIfkEk7zTLjmIjLmU5q+fbD1NnOJA==",
			"requires": {
				"performance-now": "2.1.0"
			}
		},
		"rc-align": {
			"version": "2.4.5",
			"resolved": "https://registry.npmjs.org/rc-align/-/rc-align-2.4.5.tgz",
			"integrity": "sha512-nv9wYUYdfyfK+qskThf4BQUSIadeI/dCsfaMZfNEoxm9HwOIioQ+LyqmMK6jWHAZQgOzMLaqawhuBXlF63vgjw==",
			"requires": {
				"babel-runtime": "6.26.0",
				"dom-align": "1.8.2",
				"prop-types": "15.7.2",
				"rc-util": "4.6.0"
			}
		},
		"rc-animate": {
			"version": "2.6.0",
			"resolved": "https://registry.npmjs.org/rc-animate/-/rc-animate-2.6.0.tgz",
			"integrity": "sha512-JXDycchgbOI+7T/VKmFWnAIn042LLScK1fNkmNunb0jz5q5aPGCAybx2bTo7X5t31Jkj9OsxKNb/vZPDPWufCg==",
			"requires": {
				"babel-runtime": "6.26.0",
				"classnames": "2.2.6",
				"css-animation": "1.5.0",
				"prop-types": "15.7.2",
				"raf": "3.4.1",
				"react-lifecycles-compat": "3.0.4"
			}
		},
		"rc-tooltip": {
			"version": "3.7.3",
			"resolved": "https://registry.npmjs.org/rc-tooltip/-/rc-tooltip-3.7.3.tgz",
			"integrity": "sha512-dE2ibukxxkrde7wH9W8ozHKUO4aQnPZ6qBHtrTH9LoO836PjDdiaWO73fgPB05VfJs9FbZdmGPVEbXCeOP99Ww==",
			"requires": {
				"babel-runtime": "6.26.0",
				"prop-types": "15.7.2",
				"rc-trigger": "2.6.2"
			}
		},
		"rc-trigger": {
			"version": "2.6.2",
			"resolved": "https://registry.npmjs.org/rc-trigger/-/rc-trigger-2.6.2.tgz",
			"integrity": "sha512-op4xCu95/gdHVaysyxxiYxbY+Z+UcIBSUY9nQfLqm1FlitdtnAN+owD5iMPfnnsRXntgcQ5+RdYKNUFQT5DjzA==",
			"requires": {
				"babel-runtime": "6.26.0",
				"classnames": "2.2.6",
				"prop-types": "15.7.2",
				"rc-align": "2.4.5",
				"rc-animate": "2.6.0",
				"rc-util": "4.6.0"
			}
		},
		"rc-util": {
			"version": "4.6.0",
			"resolved": "https://registry.npmjs.org/rc-util/-/rc-util-4.6.0.tgz",
			"integrity": "sha512-rbgrzm1/i8mgfwOI4t1CwWK7wGe+OwX+dNa7PVMgxZYPBADGh86eD4OcJO1UKGeajIMDUUKMluaZxvgraQIOmw==",
			"requires": {
				"add-dom-event-listener": "1.1.0",
				"babel-runtime": "6.26.0",
				"prop-types": "15.7.2",
				"shallowequal": "0.2.2"
			}
		},
		"react-color": {
			"version": "2.17.0",
			"resolved": "https://registry.npmjs.org/react-color/-/react-color-2.17.0.tgz",
			"integrity": "sha512-kJfE5tSaFe6GzalXOHksVjqwCPAsTl+nzS9/BWfP7j3EXbQ4IiLAF9sZGNzk3uq7HfofGYgjmcUgh0JP7xAQ0w==",
			"requires": {
				"@icons/material": "0.2.4",
				"lodash": "4.17.11",
				"material-colors": "1.2.6",
				"prop-types": "15.7.2",
				"reactcss": "1.2.3",
				"tinycolor2": "1.4.1"
			}
		},
		"react-dnd": {
			"version": "2.6.0",
			"resolved": "https://registry.npmjs.org/react-dnd/-/react-dnd-2.6.0.tgz",
			"integrity": "sha1-f6JWds+CfViokSk+PBq1naACVFo=",
			"requires": {
				"disposables": "1.0.2",
				"dnd-core": "2.6.0",
				"hoist-non-react-statics": "2.5.5",
				"invariant": "2.2.4",
				"lodash": "4.17.11",
				"prop-types": "15.7.2"
			}
		},
		"react-is": {
			"version": "16.8.4",
			"resolved": "https://registry.npmjs.org/react-is/-/react-is-16.8.4.tgz",
			"integrity": "sha512-PVadd+WaUDOAciICm/J1waJaSvgq+4rHE/K70j0PFqKhkTBsPv/82UGQJNXAngz1fOQLLxI6z1sEDmJDQhCTAA=="
		},
		"react-lifecycles-compat": {
			"version": "3.0.4",
			"resolved": "https://registry.npmjs.org/react-lifecycles-compat/-/react-lifecycles-compat-3.0.4.tgz",
			"integrity": "sha512-fBASbA6LnOU9dOU2eW7aQ8xmYBSXUIWr+UmF9b1efZBazGNO+rcXT/icdKnYm2pTwcRylVUYwW7H1PHfLekVzA=="
		},
		"react-redux": {
			"version": "5.1.1",
			"resolved": "https://registry.npmjs.org/react-redux/-/react-redux-5.1.1.tgz",
			"integrity": "sha512-LE7Ned+cv5qe7tMV5BPYkGQ5Lpg8gzgItK07c67yHvJ8t0iaD9kPFPAli/mYkiyJYrs2pJgExR2ZgsGqlrOApg==",
			"requires": {
				"@babel/runtime": "7.3.4",
				"hoist-non-react-statics": "3.3.0",
				"invariant": "2.2.4",
				"loose-envify": "1.4.0",
				"prop-types": "15.7.2",
				"react-is": "16.8.4",
				"react-lifecycles-compat": "3.0.4"
			},
			"dependencies": {
				"hoist-non-react-statics": {
					"version": "3.3.0",
					"resolved": "https://registry.npmjs.org/hoist-non-react-statics/-/hoist-non-react-statics-3.3.0.tgz",
					"integrity": "sha512-0XsbTXxgiaCDYDIWFcwkmerZPSwywfUqYmwT4jzewKTQSWoE6FCMoUVOeBJWK3E/CrWbxRG3m5GzY4lnIwGRBA==",
					"requires": {
						"react-is": "16.8.4"
					}
				}
			}
		},
		"reactcss": {
			"version": "1.2.3",
			"resolved": "https://registry.npmjs.org/reactcss/-/reactcss-1.2.3.tgz",
			"integrity": "sha512-KiwVUcFu1RErkI97ywr8nvx8dNOpT03rbnma0SSalTYjkrPYaEajR4a/MRt6DZ46K6arDRbWMNHF+xH7G7n/8A==",
			"requires": {
				"lodash": "4.17.11"
			}
		},
		"redux": {
			"version": "3.7.2",
			"resolved": "https://registry.npmjs.org/redux/-/redux-3.7.2.tgz",
			"integrity": "sha512-pNqnf9q1hI5HHZRBkj3bAngGZW/JMCmexDlOxw4XagXY2o1327nHH54LoTjiPJ0gizoqPDRqWyX/00g0hD6w+A==",
			"requires": {
				"lodash": "4.17.11",
				"lodash-es": "4.17.11",
				"loose-envify": "1.4.0",
				"symbol-observable": "1.2.0"
			}
		},
		"regenerator-runtime": {
			"version": "0.12.1",
			"resolved": "https://registry.npmjs.org/regenerator-runtime/-/regenerator-runtime-0.12.1.tgz",
			"integrity": "sha512-odxIc1/vDlo4iZcfXqRYFj0vpXFNoGdKMAUieAlFYO6m/nl5e9KR/beGf41z4a1FI+aQgtjhuaSlDxQ0hmkrHg=="
		},
		"repeat-string": {
			"version": "1.6.1",
			"resolved": "https://registry.npmjs.org/repeat-string/-/repeat-string-1.6.1.tgz",
			"integrity": "sha1-jcrkcOHIirwtYA//Sndihtp15jc="
		},
		"reselect": {
			"version": "3.0.1",
			"resolved": "https://registry.npmjs.org/reselect/-/reselect-3.0.1.tgz",
			"integrity": "sha1-79qpjqdFEyTQkrKyFjpqHXqaIUc="
		},
		"right-align": {
			"version": "0.1.3",
			"resolved": "https://registry.npmjs.org/right-align/-/right-align-0.1.3.tgz",
			"integrity": "sha1-YTObci/mo1FWiSENJOFMlhSGE+8=",
			"requires": {
				"align-text": "0.1.4"
			}
		},
		"shallowequal": {
			"version": "0.2.2",
			"resolved": "https://registry.npmjs.org/shallowequal/-/shallowequal-0.2.2.tgz",
			"integrity": "sha1-HjL9W8q2rWiKSBLLDMBO/HXHAU4=",
			"requires": {
				"lodash.keys": "3.1.2"
			}
		},
		"source-map": {
			"version": "0.5.7",
			"resolved": "https://registry.npmjs.org/source-map/-/source-map-0.5.7.tgz",
			"integrity": "sha1-igOdLRAh0i0eoUyA2OpGi6LvP8w="
		},
		"symbol-observable": {
			"version": "1.2.0",
			"resolved": "https://registry.npmjs.org/symbol-observable/-/symbol-observable-1.2.0.tgz",
			"integrity": "sha512-e900nM8RRtGhlV36KGEU9k65K3mPb1WV70OdjfxlG2EAuM1noi/E/BaW/uMhL7bPEssK8QV57vN3esixjUvcXQ=="
		},
		"tinycolor2": {
			"version": "1.4.1",
			"resolved": "https://registry.npmjs.org/tinycolor2/-/tinycolor2-1.4.1.tgz",
			"integrity": "sha1-9PrTM0R7wLB9TcjpIJ2POaisd+g="
		},
		"uglify-js": {
			"version": "2.8.29",
			"resolved": "https://registry.npmjs.org/uglify-js/-/uglify-js-2.8.29.tgz",
			"integrity": "sha1-KcVzMUgFe7Th913zW3qcty5qWd0=",
			"requires": {
				"source-map": "0.5.7",
				"uglify-to-browserify": "1.0.2",
				"yargs": "3.10.0"
			}
		},
		"uglify-to-browserify": {
			"version": "1.0.2",
			"resolved": "https://registry.npmjs.org/uglify-to-browserify/-/uglify-to-browserify-1.0.2.tgz",
			"integrity": "sha1-bgkk1r2mta/jSeOabWMoUKD4grc=",
			"optional": true
		},
		"window-size": {
			"version": "0.1.0",
			"resolved": "https://registry.npmjs.org/window-size/-/window-size-0.1.0.tgz",
			"integrity": "sha1-VDjNLqk7IC76Ohn+iIeu58lPnJ0="
		},
		"wordwrap": {
			"version": "0.0.2",
			"resolved": "https://registry.npmjs.org/wordwrap/-/wordwrap-0.0.2.tgz",
			"integrity": "sha1-t5Zpu0LstAn4PVg8rVLKF+qhZD8="
		},
		"yargs": {
			"version": "3.10.0",
			"resolved": "https://registry.npmjs.org/yargs/-/yargs-3.10.0.tgz",
			"integrity": "sha1-9+572FfdfB0tOMDnTvvWgdFDH9E=",
			"requires": {
				"camelcase": "1.2.1",
				"cliui": "2.1.0",
				"decamelize": "1.2.0",
				"window-size": "0.1.0"
			}
		}
	}
}
